
Microsoft Visual Studio Solution File, Format Version 12.00
# Visual Studio Version 16
VisualStudioVersion = 16.0.29613.14
MinimumVisualStudioVersion = 10.0.40219.1
Project("{FAE04EC0-301F-11D3-BF4B-00C04F79EFBC}") = "WindowsFormsApp9", "WindowsFormsApp9\WindowsFormsApp9.csproj", "{42D1B0C9-B668-47AA-A343-A657B69EAE45}"
EndProject
Global
	GlobalSection(SolutionConfigurationPlatforms) = preSolution
		Debug|Any CPU = Debug|Any CPU
		Release|Any CPU = Release|Any CPU
	EndGlobalSection
	GlobalSection(ProjectConfigurationPlatforms) = postSolution
		{42D1B0C9-B668-47AA-A343-A657B69EAE45}.Debug|Any CPU.ActiveCfg = Debug|Any CPU
		{42D1B0C9-B668-47AA-A343-A657B69EAE45}.Debug|Any CPU.Build.0 = Debug|Any CPU
		{42D1B0C9-B668-47AA-A343-A657B69EAE45}.Release|Any CPU.ActiveCfg = Release|Any CPU
		{42D1B0C9-B668-47AA-A343-A657B69EAE45}.Release|Any CPU.Build.0 = Release|Any CPU
	EndGlobalSection
	GlobalSection(SolutionProperties) = preSolution
		HideSolutionNode = FALSE
	EndGlobalSection
	GlobalSection(ExtensibilityGlobals) = postSolution
		SolutionGuid = {B06EA053-7B4B-405E-A828-A0D2C5C353A0}
	EndGlobalSection
EndGlobal
